// !$*UTF8*$!
{
	archiveVersion = 1;
	classes = {
	};
	objectVersion = 46;
	objects = {

/* Begin PBXBuildFile section */
		A93378CE1ED978EA00C0B2DF /* main.m in Sources */ = {isa = PBXBuildFile; fileRef = A93378CD1ED978EA00C0B2DF /* main.m */; };
		A93378D11ED978EA00C0B2DF /* AppDelegate.m in Sources */ = {isa = PBXBuildFile; fileRef = A93378D01ED978EA00C0B2DF /* AppDelegate.m */; };
		A93378D41ED978EA00C0B2DF /* ViewController.m in Sources */ = {isa = PBXBuildFile; fileRef = A93378D31ED978EA00C0B2DF /* ViewController.m */; };
		A93378D71ED978EA00C0B2DF /* Main.storyboard in Resources */ = {isa = PBXBuildFile; fileRef = A93378D51ED978EA00C0B2DF /* Main.storyboard */; };
		A93378D91ED978EA00C0B2DF /* Assets.xcassets in Resources */ = {isa = PBXBuildFile; fileRef = A93378D81ED978EA00C0B2DF /* Assets.xcassets */; };
		A93378DC1ED978EA00C0B2DF /* LaunchScreen.storyboard in Resources */ = {isa = PBXBuildFile; fileRef = A93378DA1ED978EA00C0B2DF /* LaunchScreen.storyboard */; };
		A93378E71ED978EA00C0B2DF /* ExcelDataExportDemoTests.m in Sources */ = {isa = PBXBuildFile; fileRef = A93378E61ED978EA00C0B2DF /* ExcelDataExportDemoTests.m */; };
		A93378F21ED978EA00C0B2DF /* ExcelDataExportDemoUITests.m in Sources */ = {isa = PBXBuildFile; fileRef = A93378F11ED978EA00C0B2DF /* ExcelDataExportDemoUITests.m */; };
/* End PBXBuildFile section */

/* Begin PBXContainerItemProxy section */
		A93378E31ED978EA00C0B2DF /* PBXContainerItemProxy */ = {
			isa = PBXContainerItemProxy;
			containerPortal = A93378C11ED978EA00C0B2DF /* Project object */;
			proxyType = 1;
			remoteGlobalIDString = A93378C81ED978EA00C0B2DF;
			remoteInfo = ExcelDataExportDemo;
		};
		A93378EE1ED978EA00C0B2DF /* PBXContainerItemProxy */ = {
			isa = PBXContainerItemProxy;
			containerPortal = A93378C11ED978EA00C0B2DF /* Project object */;
			proxyType = 1;
			remoteGlobalIDString = A93378C81ED978EA00C0B2DF;
			remoteInfo = ExcelDataExportDemo;
		};
/* End PBXContainerItemProxy section */

/* Begin PBXFileReference section */
		A93378C91ED978EA00C0B2DF /* ExcelDataExportDemo.app */ = {isa = PBXFileReference; explicitFileType = wrapper.application; includeInIndex = 0; path = ExcelDataExportDemo.app; sourceTree = BUILT_PRODUCTS_DIR; };
		A93378CD1ED978EA00C0B2DF /* main.m */ = {isa = PBXFileReference; lastKnownFileType = sourcecode.c.objc; path = main.m; sourceTree = "<group>"; };
		A93378CF1ED978EA00C0B2DF /* AppDelegate.h */ = {isa = PBXFileReference; lastKnownFileType = sourcecode.c.h; path = AppDelegate.h; sourceTree = "<group>"; };
		A93378D01ED978EA00C0B2DF /* AppDelegate.m */ = {isa = PBXFileReference; lastKnownFileType = sourcecode.c.objc; path = AppDelegate.m; sourceTree = "<group>"; };
		A93378D21ED978EA00C0B2DF /* ViewController.h */ = {isa = PBXFileReference; lastKnownFileType = sourcecode.c.h; path = ViewController.h; sourceTree = "<group>"; };
		A93378D31ED978EA00C0B2DF /* ViewController.m */ = {isa = PBXFileReference; lastKnownFileType = sourcecode.c.objc; path = ViewController.m; sourceTree = "<group>"; };
		A93378D61ED978EA00C0B2DF /* Base */ = {isa = PBXFileReference; lastKnownFileType = file.storyboard; name = Base; path = Base.lproj/Main.storyboard; sourceTree = "<group>"; };
		A93378D81ED978EA00C0B2DF /* Assets.xcassets */ = {isa = PBXFileReference; lastKnownFileType = folder.assetcatalog; path = Assets.xcassets; sourceTree = "<group>"; };
		A93378DB1ED978EA00C0B2DF /* Base */ = {isa = PBXFileReference; lastKnownFileType = file.storyboard; name = Base; path = Base.lproj/LaunchScreen.storyboard; sourceTree = "<group>"; };
		A93378DD1ED978EA00C0B2DF /* Info.plist */ = {isa = PBXFileReference; lastKnownFileType = text.plist.xml; path = Info.plist; sourceTree = "<group>"; };
		A93378E21ED978EA00C0B2DF /* ExcelDataExportDemoTests.xctest */ = {isa = PBXFileReference; explicitFileType = wrapper.cfbundle; includeInIndex = 0; path = ExcelDataExportDemoTests.xctest; sourceTree = BUILT_PRODUCTS_DIR; };
		A93378E61ED978EA00C0B2DF /* ExcelDataExportDemoTests.m */ = {isa = PBXFileReference; lastKnownFileType = sourcecode.c.objc; path = ExcelDataExportDemoTests.m; sourceTree = "<group>"; };
		A93378E81ED978EA00C0B2DF /* Info.plist */ = {isa = PBXFileReference; lastKnownFileType = text.plist.xml; path = Info.plist; sourceTree = "<group>"; };
		A93378ED1ED978EA00C0B2DF /* ExcelDataExportDemoUITests.xctest */ = {isa = PBXFileReference; explicitFileType = wrapper.cfbundle; includeInIndex = 0; path = ExcelDataExportDemoUITests.xctest; sourceTree = BUILT_PRODUCTS_DIR; };
		A93378F11ED978EA00C0B2DF /* ExcelDataExportDemoUITests.m */ = {isa = PBXFileReference; lastKnownFileType = sourcecode.c.objc; path = ExcelDataExportDemoUITests.m; sourceTree = "<group>"; };
		A93378F31ED978EA00C0B2DF /* Info.plist */ = {isa = PBXFileReference; lastKnownFileType = text.plist.xml; path = Info.plist; sourceTree = "<group>"; };
/* End PBXFileReference section */

/* Begin PBXFrameworksBuildPhase section */
		A93378C61ED978EA00C0B2DF /* Frameworks */ = {
			isa = PBXFrameworksBuildPhase;
			buildActionMask = 2147483647;
			files = (
			);
			runOnlyForDeploymentPostprocessing = 0;
		};
		A93378DF1ED978EA00C0B2DF /* Frameworks */ = {
			isa = PBXFrameworksBuildPhase;
			buildActionMask = 2147483647;
			files = (
			);
			runOnlyForDeploymentPostprocessing = 0;
		};
		A93378EA1ED978EA00C0B2DF /* Frameworks */ = {
			isa = PBXFrameworksBuildPhase;
			buildActionMask = 2147483647;
			files = (
			);
			runOnlyForDeploymentPostprocessing = 0;
		};
/* End PBXFrameworksBuildPhase section */

/* Begin PBXGroup section */
		A93378C01ED978EA00C0B2DF = {
			isa = PBXGroup;
			children = (
				A93378CB1ED978EA00C0B2DF /* ExcelDataExportDemo */,
				A93378E51ED978EA00C0B2DF /* ExcelDataExportDemoTests */,
				A93378F01ED978EA00C0B2DF /* ExcelDataExportDemoUITests */,
				A93378CA1ED978EA00C0B2DF /* Products */,
			);
			sourceTree = "<group>";
		};
		A93378CA1ED978EA00C0B2DF /* Products */ = {
			isa = PBXGroup;
			children = (
				A93378C91ED978EA00C0B2DF /* ExcelDataExportDemo.app */,
				A93378E21ED978EA00C0B2DF /* ExcelDataExportDemoTests.xctest */,
				A93378ED1ED978EA00C0B2DF /* ExcelDataExportDemoUITests.xctest */,
			);
			name = Products;
			sourceTree = "<group>";
		};
		A93378CB1ED978EA00C0B2DF /* ExcelDataExportDemo */ = {
			isa = PBXGroup;
			children = (
				A93378CF1ED978EA00C0B2DF /* AppDelegate.h */,
				A93378D01ED978EA00C0B2DF /* AppDelegate.m */,
				A93378D21ED978EA00C0B2DF /* ViewController.h */,
				A93378D31ED978EA00C0B2DF /* ViewController.m */,
				A93378D51ED978EA00C0B2DF /* Main.storyboard */,
				A93378D81ED978EA00C0B2DF /* Assets.xcassets */,
				A93378DA1ED978EA00C0B2DF /* LaunchScreen.storyboard */,
				A93378DD1ED978EA00C0B2DF /* Info.plist */,
				A93378CC1ED978EA00C0B2DF /* Supporting Files */,
			);
			path = ExcelDataExportDemo;
			sourceTree = "<group>";
		};
		A93378CC1ED978EA00C0B2DF /* Supporting Files */ = {
			isa = PBXGroup;
			children = (
				A93378CD1ED978EA00C0B2DF /* main.m */,
			);
			name = "Supporting Files";
			sourceTree = "<group>";
		};
		A93378E51ED978EA00C0B2DF /* ExcelDataExportDemoTests */ = {
			isa = PBXGroup;
			children = (
				A93378E61ED978EA00C0B2DF /* ExcelDataExportDemoTests.m */,
				A93378E81ED978EA00C0B2DF /* Info.plist */,
			);
			path = ExcelDataExportDemoTests;
			sourceTree = "<group>";
		};
		A93378F01ED978EA00C0B2DF /* ExcelDataExportDemoUITests */ = {
			isa = PBXGroup;
			children = (
				A93378F11ED978EA00C0B2DF /* ExcelDataExportDemoUITests.m */,
				A93378F31ED978EA00C0B2DF /* Info.plist */,
			);
			path = ExcelDataExportDemoUITests;
			sourceTree = "<group>";
		};
/* End PBXGroup section */

/* Begin PBXNativeTarget section */
		A93378C81ED978EA00C0B2DF /* ExcelDataExportDemo */ = {
			isa = PBXNativeTarget;
			buildConfigurationList = A93378F61ED978EA00C0B2DF /* Build configuration list for PBXNativeTarget "ExcelDataExportDemo" */;
			buildPhases = (
				A93378C51ED978EA00C0B2DF /* Sources */,
				A93378C61ED978EA00C0B2DF /* Frameworks */,
				A93378C71ED978EA00C0B2DF /* Resources */,
			);
			buildRules = (
			);
			dependencies = (
			);
			name = ExcelDataExportDemo;
			productName = ExcelDataExportDemo;
			productReference = A93378C91ED978EA00C0B2DF /* ExcelDataExportDemo.app */;
			productType = "com.apple.product-type.application";
		};
		A93378E11ED978EA00C0B2DF /* ExcelDataExportDemoTests */ = {
			isa = PBXNativeTarget;
			buildConfigurationList = A93378F91ED978EA00C0B2DF /* Build configuration list for PBXNativeTarget "ExcelDataExportDemoTests" */;
			buildPhases = (
				A93378DE1ED978EA00C0B2DF /* Sources */,
				A93378DF1ED978EA00C0B2DF /* Frameworks */,
				A93378E01ED978EA00C0B2DF /* Resources */,
			);
			buildRules = (
			);
			dependencies = (
				A93378E41ED978EA00C0B2DF /* PBXTargetDependency */,
			);
			name = ExcelDataExportDemoTests;
			productName = ExcelDataExportDemoTests;
			productReference = A93378E21ED978EA00C0B2DF /* ExcelDataExportDemoTests.xctest */;
			productType = "com.apple.product-type.bundle.unit-test";
		};
		A93378EC1ED978EA00C0B2DF /* ExcelDataExportDemoUITests */ = {
			isa = PBXNativeTarget;
			buildConfigurationList = A93378FC1ED978EA00C0B2DF /* Build configuration list for PBXNativeTarget "ExcelDataExportDemoUITests" */;
			buildPhases = (
				A93378E91ED978EA00C0B2DF /* Sources */,
				A93378EA1ED978EA00C0B2DF /* Frameworks */,
				A93378EB1ED978EA00C0B2DF /* Resources */,
			);
			buildRules = (
			);
			dependencies = (
				A93378EF1ED978EA00C0B2DF /* PBXTargetDependency */,
			);
			name = ExcelDataExportDemoUITests;
			productName = ExcelDataExportDemoUITests;
			productReference = A93378ED1ED978EA00C0B2DF /* ExcelDataExportDemoUITests.xctest */;
			productType = "com.apple.product-type.bundle.ui-testing";
		};
/* End PBXNativeTarget section */

/* Begin PBXProject section */
		A93378C11ED978EA00C0B2DF /* Project object */ = {
			isa = PBXProject;
			attributes = {
				LastUpgradeCheck = 0810;
				ORGANIZATIONNAME = VMC;
				TargetAttributes = {
					A93378C81ED978EA00C0B2DF = {
						CreatedOnToolsVersion = 8.1;
						ProvisioningStyle = Automatic;
					};
					A93378E11ED978EA00C0B2DF = {
						CreatedOnToolsVersion = 8.1;
						DevelopmentTeam = A6Q5NYSU4Z;
						ProvisioningStyle = Automatic;
						TestTargetID = A93378C81ED978EA00C0B2DF;
					};
					A93378EC1ED978EA00C0B2DF = {
						CreatedOnToolsVersion = 8.1;
						DevelopmentTeam = A6Q5NYSU4Z;
						ProvisioningStyle = Automatic;
						TestTargetID = A93378C81ED978EA00C0B2DF;
					};
				};
			};
			buildConfigurationList = A93378C41ED978EA00C0B2DF /* Build configuration list for PBXProject "ExcelDataExportDemo" */;
			compatibilityVersion = "Xcode 3.2";
			developmentRegion = English;
			hasScannedForEncodings = 0;
			knownRegions = (
				en,
				Base,
			);
			mainGroup = A93378C01ED978EA00C0B2DF;
			productRefGroup = A93378CA1ED978EA00C0B2DF /* Products */;
			projectDirPath = "";
			projectRoot = "";
			targets = (
				A93378C81ED978EA00C0B2DF /* ExcelDataExportDemo */,
				A93378E11ED978EA00C0B2DF /* ExcelDataExportDemoTests */,
				A93378EC1ED978EA00C0B2DF /* ExcelDataExportDemoUITests */,
			);
		};
/* End PBXProject section */

/* Begin PBXResourcesBuildPhase section */
		A93378C71ED978EA00C0B2DF /* Resources */ = {
			isa = PBXResourcesBuildPhase;
			buildActionMask = 2147483647;
			files = (
				A93378DC1ED978EA00C0B2DF /* LaunchScreen.storyboard in Resources */,
				A93378D91ED978EA00C0B2DF /* Assets.xcassets in Resources */,
				A93378D71ED978EA00C0B2DF /* Main.storyboard in Resources */,
			);
			runOnlyForDeploymentPostprocessing = 0;
		};
		A93378E01ED978EA00C0B2DF /* Resources */ = {
			isa = PBXResourcesBuildPhase;
			buildActionMask = 2147483647;
			files = (
			);
			runOnlyForDeploymentPostprocessing = 0;
		};
		A93378EB1ED978EA00C0B2DF /* Resources */ = {
			isa = PBXResourcesBuildPhase;
			buildActionMask = 2147483647;
			files = (
			);
			runOnlyForDeploymentPostprocessing = 0;
		};
/* End PBXResourcesBuildPhase section */

/* Begin PBXSourcesBuildPhase section */
		A93378C51ED978EA00C0B2DF /* Sources */ = {
			isa = PBXSourcesBuildPhase;
			buildActionMask = 2147483647;
			files = (
				A93378D41ED978EA00C0B2DF /* ViewController.m in Sources */,
				A93378D11ED978EA00C0B2DF /* AppDelegate.m in Sources */,
				A93378CE1ED978EA00C0B2DF /* main.m in Sources */,
			);
			runOnlyForDeploymentPostprocessing = 0;
		};
		A93378DE1ED978EA00C0B2DF /* Sources */ = {
			isa = PBXSourcesBuildPhase;
			buildActionMask = 2147483647;
			files = (
				A93378E71ED978EA00C0B2DF /* ExcelDataExportDemoTests.m in Sources */,
			);
			runOnlyForDeploymentPostprocessing = 0;
		};
		A93378E91ED978EA00C0B2DF /* Sources */ = {
			isa = PBXSourcesBuildPhase;
			buildActionMask = 2147483647;
			files = (
				A93378F21ED978EA00C0B2DF /* ExcelDataExportDemoUITests.m in Sources */,
			);
			runOnlyForDeploymentPostprocessing = 0;
		};
/* End PBXSourcesBuildPhase section */

/* Begin PBXTargetDependency section */
		A93378E41ED978EA00C0B2DF /* PBXTargetDependency */ = {
			isa = PBXTargetDependency;
			target = A93378C81ED978EA00C0B2DF /* ExcelDataExportDemo */;
			targetProxy = A93378E31ED978EA00C0B2DF /* PBXContainerItemProxy */;
		};
		A93378EF1ED978EA00C0B2DF /* PBXTargetDependency */ = {
			isa = PBXTargetDependency;
			target = A93378C81ED978EA00C0B2DF /* ExcelDataExportDemo */;
			targetProxy = A93378EE1ED978EA00C0B2DF /* PBXContainerItemProxy */;
		};
/* End PBXTargetDependency section */

/* Begin PBXVariantGroup section */
		A93378D51ED978EA00C0B2DF /* Main.storyboard */ = {
			isa = PBXVariantGroup;
			children = (
				A93378D61ED978EA00C0B2DF /* Base */,
			);
			name = Main.storyboard;
			sourceTree = "<group>";
		};
		A93378DA1ED978EA00C0B2DF /* LaunchScreen.storyboard */ = {
			isa = PBXVariantGroup;
			children = (
				A93378DB1ED978EA00C0B2DF /* Base */,
			);
			name = LaunchScreen.storyboard;
			sourceTree = "<group>";
		};
/* End PBXVariantGroup section */

/* Begin XCBuildConfiguration section */
		A93378F41ED978EA00C0B2DF /* Debug */ = {
			isa = XCBuildConfiguration;
			buildSettings = {
				ALWAYS_SEARCH_USER_PATHS = NO;
				CLANG_ANALYZER_NONNULL = YES;
				CLANG_CXX_LANGUAGE_STANDARD = "gnu++0x";
				CLANG_CXX_LIBRARY = "libc++";
				CLANG_ENABLE_MODULES = YES;
				CLANG_ENABLE_OBJC_ARC = YES;
				CLANG_WARN_BOOL_CONVERSION = YES;
				CLANG_WARN_CONSTANT_CONVERSION = YES;
				CLANG_WARN_DIRECT_OBJC_ISA_USAGE = YES_ERROR;
				CLANG_WARN_DOCUMENTATION_COMMENTS = YES;
				CLANG_WARN_EMPTY_BODY = YES;
				CLANG_WARN_ENUM_CONVERSION = YES;
				CLANG_WARN_INFINITE_RECURSION = YES;
				CLANG_WARN_INT_CONVERSION = YES;
				CLANG_WARN_OBJC_ROOT_CLASS = YES_ERROR;
				CLANG_WARN_SUSPICIOUS_MOVES = YES;
				CLANG_WARN_UNREACHABLE_CODE = YES;
				CLANG_WARN__DUPLICATE_METHOD_MATCH = YES;
				"CODE_SIGN_IDENTITY[sdk=iphoneos*]" = "iPhone Developer";
				COPY_PHASE_STRIP = NO;
				DEBUG_INFORMATION_FORMAT = dwarf;
				ENABLE_STRICT_OBJC_MSGSEND = YES;
				ENABLE_TESTABILITY = YES;
				GCC_C_LANGUAGE_STANDARD = gnu99;
				GCC_DYNAMIC_NO_PIC = NO;
				GCC_NO_COMMON_BLOCKS = YES;
				GCC_OPTIMIZATION_LEVEL = 0;
				GCC_PREPROCESSOR_DEFINITIONS = (
					"DEBUG=1",
					"$(inherited)",
				);
				GCC_WARN_64_TO_32_BIT_CONVERSION = YES;
				GCC_WARN_ABOUT_RETURN_TYPE = YES_ERROR;
				GCC_WARN_UNDECLARED_SELECTOR = YES;
				GCC_WARN_UNINITIALIZED_AUTOS = YES_AGGRESSIVE;
				GCC_WARN_UNUSED_FUNCTION = YES;
				GCC_WARN_UNUSED_VARIABLE = YES;
				IPHONEOS_DEPLOYMENT_TARGET = 10.1;
				MTL_ENABLE_DEBUG_INFO = YES;
				ONLY_ACTIVE_ARCH = YES;
				SDKROOT = iphoneos;
			};
			name = Debug;
		};
		A93378F51ED978EA00C0B2DF /* Release */ = {
			isa = XCBuildConfiguration;
			buildSettings = {
				ALWAYS_SEARCH_USER_PATHS = NO;
				CLANG_ANALYZER_NONNULL = YES;
				CLANG_CXX_LANGUAGE_STANDARD = "gnu++0x";
				CLANG_CXX_LIBRARY = "libc++";
				CLANG_ENABLE_MODULES = YES;
				CLANG_ENABLE_OBJC_ARC = YES;
				CLANG_WARN_BOOL_CONVERSION = YES;
				CLANG_WARN_CONSTANT_CONVERSION = YES;
				CLANG_WARN_DIRECT_OBJC_ISA_USAGE = YES_ERROR;
				CLANG_WARN_DOCUMENTATION_COMMENTS = YES;
				CLANG_WARN_EMPTY_BODY = YES;
				CLANG_WARN_ENUM_CONVERSION = YES;
				CLANG_WARN_INFINITE_RECURSION = YES;
				CLANG_WARN_INT_CONVERSION = YES;
				CLANG_WARN_OBJC_ROOT_CLASS = YES_ERROR;
				CLANG_WARN_SUSPICIOUS_MOVES = YES;
				CLANG_WARN_UNREACHABLE_CODE = YES;
				CLANG_WARN__DUPLICATE_METHOD_MATCH = YES;
				"CODE_SIGN_IDENTITY[sdk=iphoneos*]" = "iPhone Developer";
				COPY_PHASE_STRIP = NO;
				DEBUG_INFORMATION_FORMAT = "dwarf-with-dsym";
				ENABLE_NS_ASSERTIONS = NO;
				ENABLE_STRICT_OBJC_MSGSEND = YES;
				GCC_C_LANGUAGE_STANDARD = gnu99;
				GCC_NO_COMMON_BLOCKS = YES;
				GCC_WARN_64_TO_32_BIT_CONVERSION = YES;
				GCC_WARN_ABOUT_RETURN_TYPE = YES_ERROR;
				GCC_WARN_UNDECLARED_SELECTOR = YES;
				GCC_WARN_UNINITIALIZED_AUTOS = YES_AGGRESSIVE;
				GCC_WARN_UNUSED_FUNCTION = YES;
				GCC_WARN_UNUSED_VARIABLE = YES;
				IPHONEOS_DEPLOYMENT_TARGET = 10.1;
				MTL_ENABLE_DEBUG_INFO = NO;
				SDKROOT = iphoneos;
				VALIDATE_PRODUCT = YES;
			};
			name = Release;
		};
		A93378F71ED978EA00C0B2DF /* Debug */ = {
			isa = XCBuildConfiguration;
			buildSettings = {
				ASSETCATALOG_COMPILER_APPICON_NAME = AppIcon;
				DEVELOPMENT_TEAM = "";
				ENABLE_BITCODE = NO;
				INFOPLIST_FILE = ExcelDataExportDemo/Info.plist;
				LD_RUNPATH_SEARCH_PATHS = "$(inherited) @executable_path/Frameworks";
				OTHER_LDFLAGS = "-lstdc++";
				PRODUCT_BUNDLE_IDENTIFIER = com.arkenvmc.ExcelDataExportDemo;
				PRODUCT_NAME = "$(TARGET_NAME)";
			};
			name = Debug;
		};
		A93378F81ED978EA00C0B2DF /* Release */ = {
			isa = XCBuildConfiguration;
			buildSettings = {
				ASSETCATALOG_COMPILER_APPICON_NAME = AppIcon;
				DEVELOPMENT_TEAM = "";
				ENABLE_BITCODE = NO;
				INFOPLIST_FILE = ExcelDataExportDemo/Info.plist;
				LD_RUNPATH_SEARCH_PATHS = "$(inherited) @executable_path/Frameworks";
				OTHER_LDFLAGS = "-lstdc++";
				PRODUCT_BUNDLE_IDENTIFIER = com.arkenvmc.ExcelDataExportDemo;
				PRODUCT_NAME = "$(TARGET_NAME)";
			};
			name = Release;
		};
		A93378FA1ED978EA00C0B2DF /* Debug */ = {
			isa = XCBuildConfiguration;
			buildSettings = {
				BUNDLE_LOADER = "$(TEST_HOST)";
				DEVELOPMENT_TEAM = A6Q5NYSU4Z;
				INFOPLIST_FILE = ExcelDataExportDemoTests/Info.plist;
				LD_RUNPATH_SEARCH_PATHS = "$(inherited) @executable_path/Frameworks @loader_path/Frameworks";
				PRODUCT_BUNDLE_IDENTIFIER = com.arkenvmc.ExcelDataExportDemoTests;
				PRODUCT_NAME = "$(TARGET_NAME)";
				TEST_HOST = "$(BUILT_PRODUCTS_DIR)/ExcelDataExportDemo.app/ExcelDataExportDemo";
			};
			name = Debug;
		};
		A93378FB1ED978EA00C0B2DF /* Release */ = {
			isa = XCBuildConfiguration;
			buildSettings = {
				BUNDLE_LOADER = "$(TEST_HOST)";
				DEVELOPMENT_TEAM = A6Q5NYSU4Z;
				INFOPLIST_FILE = ExcelDataExportDemoTests/Info.plist;
				LD_RUNPATH_SEARCH_PATHS = "$(inherited) @executable_path/Frameworks @loader_path/Frameworks";
				PRODUCT_BUNDLE_IDENTIFIER = com.arkenvmc.ExcelDataExportDemoTests;
				PRODUCT_NAME = "$(TARGET_NAME)";
				TEST_HOST = "$(BUILT_PRODUCTS_DIR)/ExcelDataExportDemo.app/ExcelDataExportDemo";
			};
			name = Release;
		};
		A93378FD1ED978EA00C0B2DF /* Debug */ = {
			isa = XCBuildConfiguration;
			buildSettings = {
				DEVELOPMENT_TEAM = A6Q5NYSU4Z;
				INFOPLIST_FILE = ExcelDataExportDemoUITests/Info.plist;
				LD_RUNPATH_SEARCH_PATHS = "$(inherited) @executable_path/Frameworks @loader_path/Frameworks";
				PRODUCT_BUNDLE_IDENTIFIER = com.arkenvmc.ExcelDataExportDemoUITests;
				PRODUCT_NAME = "$(TARGET_NAME)";
				TEST_TARGET_NAME = ExcelDataExportDemo;
			};
			name = Debug;
		};
		A93378FE1ED978EA00C0B2DF /* Release */ = {
			isa = XCBuildConfiguration;
			buildSettings = {
				DEVELOPMENT_TEAM = A6Q5NYSU4Z;
				INFOPLIST_FILE = ExcelDataExportDemoUITests/Info.plist;
				LD_RUNPATH_SEARCH_PATHS = "$(inherited) @executable_path/Frameworks @loader_path/Frameworks";
				PRODUCT_BUNDLE_IDENTIFIER = com.arkenvmc.ExcelDataExportDemoUITests;
				PRODUCT_NAME = "$(TARGET_NAME)";
				TEST_TARGET_NAME = ExcelDataExportDemo;
			};
			name = Release;
		};
/* End XCBuildConfiguration section */

/* Begin XCConfigurationList section */
		A93378C41ED978EA00C0B2DF /* Build configuration list for PBXProject "ExcelDataExportDemo" */ = {
			isa = XCConfigurationList;
			buildConfigurations = (
				A93378F41ED978EA00C0B2DF /* Debug */,
				A93378F51ED978EA00C0B2DF /* Release */,
			);
			defaultConfigurationIsVisible = 0;
			defaultConfigurationName = Release;
		};
		A93378F61ED978EA00C0B2DF /* Build configuration list for PBXNativeTarget "ExcelDataExportDemo" */ = {
			isa = XCConfigurationList;
			buildConfigurations = (
				A93378F71ED978EA00C0B2DF /* Debug */,
				A93378F81ED978EA00C0B2DF /* Release */,
			);
			defaultConfigurationIsVisible = 0;
			defaultConfigurationName = Release;
		};
		A93378F91ED978EA00C0B2DF /* Build configuration list for PBXNativeTarget "ExcelDataExportDemoTests" */ = {
			isa = XCConfigurationList;
			buildConfigurations = (
				A93378FA1ED978EA00C0B2DF /* Debug */,
				A93378FB1ED978EA00C0B2DF /* Release */,
			);
			defaultConfigurationIsVisible = 0;
			defaultConfigurationName = Release;
		};
		A93378FC1ED978EA00C0B2DF /* Build configuration list for PBXNativeTarget "ExcelDataExportDemoUITests" */ = {
			isa = XCConfigurationList;
			buildConfigurations = (
				A93378FD1ED978EA00C0B2DF /* Debug */,
				A93378FE1ED978EA00C0B2DF /* Release */,
			);
			defaultConfigurationIsVisible = 0;
			defaultConfigurationName = Release;
		};
/* End XCConfigurationList section */
	};
	rootObject = A93378C11ED978EA00C0B2DF /* Project object */;
}
